
Microsoft Visual Studio Solution File, Format Version 12.00
# Visual Studio 2012
Project("{FAE04EC0-301F-11D3-BF4B-00C04F79EFBC}") = "WinFormProEF", "WinFormProEF\WinFormProEF.csproj", "{A53153D3-D82D-47CF-9DEA-01151DB28B7F}"
EndProject
Project("{FAE04EC0-301F-11D3-BF4B-00C04F79EFBC}") = "TestCodeFirstinWin", "TestCodeFirstinWin\TestCodeFirstinWin.csproj", "{8DAF57BF-0059-45D3-9BB3-59CBC599057C}"
EndProject
Project("{FAE04EC0-301F-11D3-BF4B-00C04F79EFBC}") = "Rewards2_ModelFirst", "Rewards2\Rewards2_ModelFirst.csproj", "{DEE5E906-364D-4D26-8D39-A37091494EFC}"
EndProject
Project("{FAE04EC0-301F-11D3-BF4B-00C04F79EFBC}") = "DBFirstTest1", "DBFirstTest1\DBFirstTest1.csproj", "{C4202AA1-BA66-438A-928D-F70776EC9900}"
EndProject
Global
	GlobalSection(SolutionConfigurationPlatforms) = preSolution
		Debug|Any CPU = Debug|Any CPU
		Release|Any CPU = Release|Any CPU
	EndGlobalSection
	GlobalSection(ProjectConfigurationPlatforms) = postSolution
		{A53153D3-D82D-47CF-9DEA-01151DB28B7F}.Debug|Any CPU.ActiveCfg = Debug|Any CPU
		{A53153D3-D82D-47CF-9DEA-01151DB28B7F}.Debug|Any CPU.Build.0 = Debug|Any CPU
		{A53153D3-D82D-47CF-9DEA-01151DB28B7F}.Release|Any CPU.ActiveCfg = Release|Any CPU
		{A53153D3-D82D-47CF-9DEA-01151DB28B7F}.Release|Any CPU.Build.0 = Release|Any CPU
		{8DAF57BF-0059-45D3-9BB3-59CBC599057C}.Debug|Any CPU.ActiveCfg = Debug|Any CPU
		{8DAF57BF-0059-45D3-9BB3-59CBC599057C}.Debug|Any CPU.Build.0 = Debug|Any CPU
		{8DAF57BF-0059-45D3-9BB3-59CBC599057C}.Release|Any CPU.ActiveCfg = Release|Any CPU
		{8DAF57BF-0059-45D3-9BB3-59CBC599057C}.Release|Any CPU.Build.0 = Release|Any CPU
		{DEE5E906-364D-4D26-8D39-A37091494EFC}.Debug|Any CPU.ActiveCfg = Debug|Any CPU
		{DEE5E906-364D-4D26-8D39-A37091494EFC}.Debug|Any CPU.Build.0 = Debug|Any CPU
		{DEE5E906-364D-4D26-8D39-A37091494EFC}.Release|Any CPU.ActiveCfg = Release|Any CPU
		{DEE5E906-364D-4D26-8D39-A37091494EFC}.Release|Any CPU.Build.0 = Release|Any CPU
		{C4202AA1-BA66-438A-928D-F70776EC9900}.Debug|Any CPU.ActiveCfg = Debug|Any CPU
		{C4202AA1-BA66-438A-928D-F70776EC9900}.Debug|Any CPU.Build.0 = Debug|Any CPU
		{C4202AA1-BA66-438A-928D-F70776EC9900}.Release|Any CPU.ActiveCfg = Release|Any CPU
		{C4202AA1-BA66-438A-928D-F70776EC9900}.Release|Any CPU.Build.0 = Release|Any CPU
	EndGlobalSection
	GlobalSection(SolutionProperties) = preSolution
		HideSolutionNode = FALSE
	EndGlobalSection
EndGlobal
